
Microsoft Visual Studio Solution File, Format Version 12.00
Project("{FAE04EC0-301F-11D3-BF4B-00C04F79EFBC}") = "ATZ.ObservableCollectionFilters", "ATZ.ObservableCollectionFilters\ATZ.ObservableCollectionFilters.csproj", "{AC7F8FA1-83BE-4F7A-90F8-7CC19B122B52}"
EndProject
Project("{FAE04EC0-301F-11D3-BF4B-00C04F79EFBC}") = "ATZ.ObservableCollectionFilters.Tests", "ATZ.ObservableCollectionFilters.Tests\ATZ.ObservableCollectionFilters.Tests.csproj", "{6FA7C5DB-24BE-4EF3-86CD-34123813FF3A}"
EndProject
Global
	GlobalSection(SolutionConfigurationPlatforms) = preSolution
		Debug|Any CPU = Debug|Any CPU
		Release|Any CPU = Release|Any CPU
	EndGlobalSection
	GlobalSection(ProjectConfigurationPlatforms) = postSolution
		{AC7F8FA1-83BE-4F7A-90F8-7CC19B122B52}.Debug|Any CPU.ActiveCfg = Debug|Any CPU
		{AC7F8FA1-83BE-4F7A-90F8-7CC19B122B52}.Debug|Any CPU.Build.0 = Debug|Any CPU
		{AC7F8FA1-83BE-4F7A-90F8-7CC19B122B52}.Release|Any CPU.ActiveCfg = Release|Any CPU
		{AC7F8FA1-83BE-4F7A-90F8-7CC19B122B52}.Release|Any CPU.Build.0 = Release|Any CPU
		{6FA7C5DB-24BE-4EF3-86CD-34123813FF3A}.Debug|Any CPU.ActiveCfg = Debug|Any CPU
		{6FA7C5DB-24BE-4EF3-86CD-34123813FF3A}.Debug|Any CPU.Build.0 = Debug|Any CPU
		{6FA7C5DB-24BE-4EF3-86CD-34123813FF3A}.Release|Any CPU.ActiveCfg = Release|Any CPU
		{6FA7C5DB-24BE-4EF3-86CD-34123813FF3A}.Release|Any CPU.Build.0 = Release|Any CPU
	EndGlobalSection
EndGlobal
